
Microsoft Visual Studio Solution File, Format Version 12.00
# Visual Studio Version 17
VisualStudioVersion = 17.13.35919.96 d17.13
MinimumVisualStudioVersion = 10.0.40219.1
Project("{E24C65DC-7377-472B-9ABA-BC803B73C61A}") = "bogeqi", "D:\Projects\THEKYSOFT\bogeqi\", "{EDE9A1E8-B42B-4093-9A8B-43739BFEAB0B}"
	ProjectSection(WebsiteProperties) = preProject
		TargetFrameworkMoniker = ".NETFramework,Version%3Dv4.8"
		Debug.AspNetCompiler.VirtualPath = "/localhost_53773"
		Debug.AspNetCompiler.PhysicalPath = "D:\Projects\THEKYSOFT\bogeqi\"
		Debug.AspNetCompiler.TargetPath = "PrecompiledWeb\localhost_53773\"
		Debug.AspNetCompiler.Updateable = "true"
		Debug.AspNetCompiler.ForceOverwrite = "true"
		Debug.AspNetCompiler.FixedNames = "false"
		Debug.AspNetCompiler.Debug = "True"
		Release.AspNetCompiler.VirtualPath = "/localhost_53773"
		Release.AspNetCompiler.PhysicalPath = "D:\Projects\THEKYSOFT\bogeqi\"
		Release.AspNetCompiler.TargetPath = "PrecompiledWeb\localhost_53773\"
		Release.AspNetCompiler.Updateable = "true"
		Release.AspNetCompiler.ForceOverwrite = "true"
		Release.AspNetCompiler.FixedNames = "false"
		Release.AspNetCompiler.Debug = "False"
		VWDPort = "53773"
		SlnRelativePath = "D:\Projects\THEKYSOFT\bogeqi\"
	EndProjectSection
EndProject
Global
	GlobalSection(SolutionConfigurationPlatforms) = preSolution
		Debug|Any CPU = Debug|Any CPU
	EndGlobalSection
	GlobalSection(ProjectConfigurationPlatforms) = postSolution
		{EDE9A1E8-B42B-4093-9A8B-43739BFEAB0B}.Debug|Any CPU.ActiveCfg = Debug|Any CPU
		{EDE9A1E8-B42B-4093-9A8B-43739BFEAB0B}.Debug|Any CPU.Build.0 = Debug|Any CPU
	EndGlobalSection
	GlobalSection(SolutionProperties) = preSolution
		HideSolutionNode = FALSE
	EndGlobalSection
	GlobalSection(ExtensibilityGlobals) = postSolution
		SolutionGuid = {182F3D2D-03A0-45E5-8BB1-71C40682D9DD}
	EndGlobalSection
EndGlobal
